
Microsoft Visual Studio Solution File, Format Version 12.00
# Visual Studio Version 16
VisualStudioVersion = 16.0.29613.14
MinimumVisualStudioVersion = 10.0.40219.1
Project("{FAE04EC0-301F-11D3-BF4B-00C04F79EFBC}") = "DemoOnDelegate", "DemoOnDelegate.csproj", "{8A8C3D33-AB2D-4547-983D-4FBEBAEE476D}"
EndProject
Global
	GlobalSection(SolutionConfigurationPlatforms) = preSolution
		Debug|Any CPU = Debug|Any CPU
		Release|Any CPU = Release|Any CPU
	EndGlobalSection
	GlobalSection(ProjectConfigurationPlatforms) = postSolution
		{8A8C3D33-AB2D-4547-983D-4FBEBAEE476D}.Debug|Any CPU.ActiveCfg = Debug|Any CPU
		{8A8C3D33-AB2D-4547-983D-4FBEBAEE476D}.Debug|Any CPU.Build.0 = Debug|Any CPU
		{8A8C3D33-AB2D-4547-983D-4FBEBAEE476D}.Release|Any CPU.ActiveCfg = Release|Any CPU
		{8A8C3D33-AB2D-4547-983D-4FBEBAEE476D}.Release|Any CPU.Build.0 = Release|Any CPU
	EndGlobalSection
	GlobalSection(SolutionProperties) = preSolution
		HideSolutionNode = FALSE
	EndGlobalSection
	GlobalSection(ExtensibilityGlobals) = postSolution
		SolutionGuid = {1B2B71D8-2FE7-48C8-9BE6-44010BD65CB6}
	EndGlobalSection
EndGlobal
