
Microsoft Visual Studio Solution File, Format Version 12.00
# Visual Studio Version 16
VisualStudioVersion = 16.0.29613.14
MinimumVisualStudioVersion = 10.0.40219.1
Project("{FAE04EC0-301F-11D3-BF4B-00C04F79EFBC}") = "DemoOnFiles", "DemoOnFiles.csproj", "{BDCEDC4D-752F-40BE-A008-B1D1B9DCBF60}"
EndProject
Global
	GlobalSection(SolutionConfigurationPlatforms) = preSolution
		Debug|Any CPU = Debug|Any CPU
		Release|Any CPU = Release|Any CPU
	EndGlobalSection
	GlobalSection(ProjectConfigurationPlatforms) = postSolution
		{BDCEDC4D-752F-40BE-A008-B1D1B9DCBF60}.Debug|Any CPU.ActiveCfg = Debug|Any CPU
		{BDCEDC4D-752F-40BE-A008-B1D1B9DCBF60}.Debug|Any CPU.Build.0 = Debug|Any CPU
		{BDCEDC4D-752F-40BE-A008-B1D1B9DCBF60}.Release|Any CPU.ActiveCfg = Release|Any CPU
		{BDCEDC4D-752F-40BE-A008-B1D1B9DCBF60}.Release|Any CPU.Build.0 = Release|Any CPU
	EndGlobalSection
	GlobalSection(SolutionProperties) = preSolution
		HideSolutionNode = FALSE
	EndGlobalSection
	GlobalSection(ExtensibilityGlobals) = postSolution
		SolutionGuid = {541D64B0-AC35-4E53-8601-611C3284241C}
	EndGlobalSection
EndGlobal
